// !$*UTF8*$!
{
	archiveVersion = 1;
	classes = {
	};
	objectVersion = 50;
	objects = {

/* Begin PBXBuildFile section */
		3DA79E78219FF5A800EEDE72 /* QTYButtons.framework in Frameworks */ = {isa = PBXBuildFile; fileRef = 3DA79E6E219FF5A800EEDE72 /* QTYButtons.framework */; };
		3DA79E7D219FF5A800EEDE72 /* QTYButtonsTests.swift in Sources */ = {isa = PBXBuildFile; fileRef = 3DA79E7C219FF5A800EEDE72 /* QTYButtonsTests.swift */; };
		3DA79E7F219FF5A800EEDE72 /* QTYButtons.h in Headers */ = {isa = PBXBuildFile; fileRef = 3DA79E71219FF5A800EEDE72 /* QTYButtons.h */; settings = {ATTRIBUTES = (Public, ); }; };
		3DA79E89219FF5DC00EEDE72 /* QTYButtons.swift in Sources */ = {isa = PBXBuildFile; fileRef = 3DA79E88219FF5DC00EEDE72 /* QTYButtons.swift */; };
		3DA79E8B219FF63700EEDE72 /* QTYButtonView.swift in Sources */ = {isa = PBXBuildFile; fileRef = 3DA79E8A219FF63700EEDE72 /* QTYButtonView.swift */; };
		3DA79E8D219FF64B00EEDE72 /* QTYButtonView.xib in Resources */ = {isa = PBXBuildFile; fileRef = 3DA79E8C219FF64B00EEDE72 /* QTYButtonView.xib */; };
/* End PBXBuildFile section */

/* Begin PBXContainerItemProxy section */
		3DA79E79219FF5A800EEDE72 /* PBXContainerItemProxy */ = {
			isa = PBXContainerItemProxy;
			containerPortal = 3DA79E65219FF5A800EEDE72 /* Project object */;
			proxyType = 1;
			remoteGlobalIDString = 3DA79E6D219FF5A800EEDE72;
			remoteInfo = QTYButtons;
		};
/* End PBXContainerItemProxy section */

/* Begin PBXFileReference section */
		3DA79E6E219FF5A800EEDE72 /* QTYButtons.framework */ = {isa = PBXFileReference; explicitFileType = wrapper.framework; includeInIndex = 0; path = QTYButtons.framework; sourceTree = BUILT_PRODUCTS_DIR; };
		3DA79E71219FF5A800EEDE72 /* QTYButtons.h */ = {isa = PBXFileReference; lastKnownFileType = sourcecode.c.h; path = QTYButtons.h; sourceTree = "<group>"; };
		3DA79E72219FF5A800EEDE72 /* Info.plist */ = {isa = PBXFileReference; lastKnownFileType = text.plist.xml; path = Info.plist; sourceTree = "<group>"; };
		3DA79E77219FF5A800EEDE72 /* QTYButtonsTests.xctest */ = {isa = PBXFileReference; explicitFileType = wrapper.cfbundle; includeInIndex = 0; path = QTYButtonsTests.xctest; sourceTree = BUILT_PRODUCTS_DIR; };
		3DA79E7C219FF5A800EEDE72 /* QTYButtonsTests.swift */ = {isa = PBXFileReference; lastKnownFileType = sourcecode.swift; path = QTYButtonsTests.swift; sourceTree = "<group>"; };
		3DA79E7E219FF5A800EEDE72 /* Info.plist */ = {isa = PBXFileReference; lastKnownFileType = text.plist.xml; path = Info.plist; sourceTree = "<group>"; };
		3DA79E88219FF5DC00EEDE72 /* QTYButtons.swift */ = {isa = PBXFileReference; lastKnownFileType = sourcecode.swift; path = QTYButtons.swift; sourceTree = "<group>"; };
		3DA79E8A219FF63700EEDE72 /* QTYButtonView.swift */ = {isa = PBXFileReference; lastKnownFileType = sourcecode.swift; path = QTYButtonView.swift; sourceTree = "<group>"; };
		3DA79E8C219FF64B00EEDE72 /* QTYButtonView.xib */ = {isa = PBXFileReference; lastKnownFileType = file.xib; path = QTYButtonView.xib; sourceTree = "<group>"; };
/* End PBXFileReference section */

/* Begin PBXFrameworksBuildPhase section */
		3DA79E6A219FF5A800EEDE72 /* Frameworks */ = {
			isa = PBXFrameworksBuildPhase;
			buildActionMask = 2147483647;
			files = (
			);
			runOnlyForDeploymentPostprocessing = 0;
		};
		3DA79E74219FF5A800EEDE72 /* Frameworks */ = {
			isa = PBXFrameworksBuildPhase;
			buildActionMask = 2147483647;
			files = (
				3DA79E78219FF5A800EEDE72 /* QTYButtons.framework in Frameworks */,
			);
			runOnlyForDeploymentPostprocessing = 0;
		};
/* End PBXFrameworksBuildPhase section */

/* Begin PBXGroup section */
		3DA79E64219FF5A800EEDE72 = {
			isa = PBXGroup;
			children = (
				3DA79E70219FF5A800EEDE72 /* QTYButtons */,
				3DA79E7B219FF5A800EEDE72 /* QTYButtonsTests */,
				3DA79E6F219FF5A800EEDE72 /* Products */,
			);
			sourceTree = "<group>";
		};
		3DA79E6F219FF5A800EEDE72 /* Products */ = {
			isa = PBXGroup;
			children = (
				3DA79E6E219FF5A800EEDE72 /* QTYButtons.framework */,
				3DA79E77219FF5A800EEDE72 /* QTYButtonsTests.xctest */,
			);
			name = Products;
			sourceTree = "<group>";
		};
		3DA79E70219FF5A800EEDE72 /* QTYButtons */ = {
			isa = PBXGroup;
			children = (
				3DA79E71219FF5A800EEDE72 /* QTYButtons.h */,
				3DA79E88219FF5DC00EEDE72 /* QTYButtons.swift */,
				3DA79E8A219FF63700EEDE72 /* QTYButtonView.swift */,
				3DA79E8C219FF64B00EEDE72 /* QTYButtonView.xib */,
				3DA79E72219FF5A800EEDE72 /* Info.plist */,
			);
			path = QTYButtons;
			sourceTree = "<group>";
		};
		3DA79E7B219FF5A800EEDE72 /* QTYButtonsTests */ = {
			isa = PBXGroup;
			children = (
				3DA79E7C219FF5A800EEDE72 /* QTYButtonsTests.swift */,
				3DA79E7E219FF5A800EEDE72 /* Info.plist */,
			);
			path = QTYButtonsTests;
			sourceTree = "<group>";
		};
/* End PBXGroup section */

/* Begin PBXHeadersBuildPhase section */
		3DA79E6B219FF5A800EEDE72 /* Headers */ = {
			isa = PBXHeadersBuildPhase;
			buildActionMask = 2147483647;
			files = (
				3DA79E7F219FF5A800EEDE72 /* QTYButtons.h in Headers */,
			);
			runOnlyForDeploymentPostprocessing = 0;
		};
/* End PBXHeadersBuildPhase section */

/* Begin PBXNativeTarget section */
		3DA79E6D219FF5A800EEDE72 /* QTYButtons */ = {
			isa = PBXNativeTarget;
			buildConfigurationList = 3DA79E82219FF5A800EEDE72 /* Build configuration list for PBXNativeTarget "QTYButtons" */;
			buildPhases = (
				3DA79E69219FF5A800EEDE72 /* Sources */,
				3DA79E6A219FF5A800EEDE72 /* Frameworks */,
				3DA79E6B219FF5A800EEDE72 /* Headers */,
				3DA79E6C219FF5A800EEDE72 /* Resources */,
			);
			buildRules = (
			);
			dependencies = (
			);
			name = QTYButtons;
			productName = QTYButtons;
			productReference = 3DA79E6E219FF5A800EEDE72 /* QTYButtons.framework */;
			productType = "com.apple.product-type.framework";
		};
		3DA79E76219FF5A800EEDE72 /* QTYButtonsTests */ = {
			isa = PBXNativeTarget;
			buildConfigurationList = 3DA79E85219FF5A800EEDE72 /* Build configuration list for PBXNativeTarget "QTYButtonsTests" */;
			buildPhases = (
				3DA79E73219FF5A800EEDE72 /* Sources */,
				3DA79E74219FF5A800EEDE72 /* Frameworks */,
				3DA79E75219FF5A800EEDE72 /* Resources */,
			);
			buildRules = (
			);
			dependencies = (
				3DA79E7A219FF5A800EEDE72 /* PBXTargetDependency */,
			);
			name = QTYButtonsTests;
			productName = QTYButtonsTests;
			productReference = 3DA79E77219FF5A800EEDE72 /* QTYButtonsTests.xctest */;
			productType = "com.apple.product-type.bundle.unit-test";
		};
/* End PBXNativeTarget section */

/* Begin PBXProject section */
		3DA79E65219FF5A800EEDE72 /* Project object */ = {
			isa = PBXProject;
			attributes = {
				LastSwiftUpdateCheck = 0940;
				LastUpgradeCheck = 0940;
				ORGANIZATIONNAME = Qiscus;
				TargetAttributes = {
					3DA79E6D219FF5A800EEDE72 = {
						CreatedOnToolsVersion = 9.4.1;
						LastSwiftMigration = 0940;
					};
					3DA79E76219FF5A800EEDE72 = {
						CreatedOnToolsVersion = 9.4.1;
					};
				};
			};
			buildConfigurationList = 3DA79E68219FF5A800EEDE72 /* Build configuration list for PBXProject "QTYButtons" */;
			compatibilityVersion = "Xcode 9.3";
			developmentRegion = en;
			hasScannedForEncodings = 0;
			knownRegions = (
				en,
			);
			mainGroup = 3DA79E64219FF5A800EEDE72;
			productRefGroup = 3DA79E6F219FF5A800EEDE72 /* Products */;
			projectDirPath = "";
			projectRoot = "";
			targets = (
				3DA79E6D219FF5A800EEDE72 /* QTYButtons */,
				3DA79E76219FF5A800EEDE72 /* QTYButtonsTests */,
			);
		};
/* End PBXProject section */

/* Begin PBXResourcesBuildPhase section */
		3DA79E6C219FF5A800EEDE72 /* Resources */ = {
			isa = PBXResourcesBuildPhase;
			buildActionMask = 2147483647;
			files = (
				3DA79E8D219FF64B00EEDE72 /* QTYButtonView.xib in Resources */,
			);
			runOnlyForDeploymentPostprocessing = 0;
		};
		3DA79E75219FF5A800EEDE72 /* Resources */ = {
			isa = PBXResourcesBuildPhase;
			buildActionMask = 2147483647;
			files = (
			);
			runOnlyForDeploymentPostprocessing = 0;
		};
/* End PBXResourcesBuildPhase section */

/* Begin PBXSourcesBuildPhase section */
		3DA79E69219FF5A800EEDE72 /* Sources */ = {
			isa = PBXSourcesBuildPhase;
			buildActionMask = 2147483647;
			files = (
				3DA79E89219FF5DC00EEDE72 /* QTYButtons.swift in Sources */,
				3DA79E8B219FF63700EEDE72 /* QTYButtonView.swift in Sources */,
			);
			runOnlyForDeploymentPostprocessing = 0;
		};
		3DA79E73219FF5A800EEDE72 /* Sources */ = {
			isa = PBXSourcesBuildPhase;
			buildActionMask = 2147483647;
			files = (
				3DA79E7D219FF5A800EEDE72 /* QTYButtonsTests.swift in Sources */,
			);
			runOnlyForDeploymentPostprocessing = 0;
		};
/* End PBXSourcesBuildPhase section */

/* Begin PBXTargetDependency section */
		3DA79E7A219FF5A800EEDE72 /* PBXTargetDependency */ = {
			isa = PBXTargetDependency;
			target = 3DA79E6D219FF5A800EEDE72 /* QTYButtons */;
			targetProxy = 3DA79E79219FF5A800EEDE72 /* PBXContainerItemProxy */;
		};
/* End PBXTargetDependency section */

/* Begin XCBuildConfiguration section */
		3DA79E80219FF5A800EEDE72 /* Debug */ = {
			isa = XCBuildConfiguration;
			buildSettings = {
				ALWAYS_SEARCH_USER_PATHS = NO;
				CLANG_ANALYZER_NONNULL = YES;
				CLANG_ANALYZER_NUMBER_OBJECT_CONVERSION = YES_AGGRESSIVE;
				CLANG_CXX_LANGUAGE_STANDARD = "gnu++14";
				CLANG_CXX_LIBRARY = "libc++";
				CLANG_ENABLE_MODULES = YES;
				CLANG_ENABLE_OBJC_ARC = YES;
				CLANG_ENABLE_OBJC_WEAK = YES;
				CLANG_WARN_BLOCK_CAPTURE_AUTORELEASING = YES;
				CLANG_WARN_BOOL_CONVERSION = YES;
				CLANG_WARN_COMMA = YES;
				CLANG_WARN_CONSTANT_CONVERSION = YES;
				CLANG_WARN_DEPRECATED_OBJC_IMPLEMENTATIONS = YES;
				CLANG_WARN_DIRECT_OBJC_ISA_USAGE = YES_ERROR;
				CLANG_WARN_DOCUMENTATION_COMMENTS = YES;
				CLANG_WARN_EMPTY_BODY = YES;
				CLANG_WARN_ENUM_CONVERSION = YES;
				CLANG_WARN_INFINITE_RECURSION = YES;
				CLANG_WARN_INT_CONVERSION = YES;
				CLANG_WARN_NON_LITERAL_NULL_CONVERSION = YES;
				CLANG_WARN_OBJC_IMPLICIT_RETAIN_SELF = YES;
				CLANG_WARN_OBJC_LITERAL_CONVERSION = YES;
				CLANG_WARN_OBJC_ROOT_CLASS = YES_ERROR;
				CLANG_WARN_RANGE_LOOP_ANALYSIS = YES;
				CLANG_WARN_STRICT_PROTOTYPES = YES;
				CLANG_WARN_SUSPICIOUS_MOVE = YES;
				CLANG_WARN_UNGUARDED_AVAILABILITY = YES_AGGRESSIVE;
				CLANG_WARN_UNREACHABLE_CODE = YES;
				CLANG_WARN__DUPLICATE_METHOD_MATCH = YES;
				CODE_SIGN_IDENTITY = "iPhone Developer";
				COPY_PHASE_STRIP = NO;
				CURRENT_PROJECT_VERSION = 1;
				DEBUG_INFORMATION_FORMAT = dwarf;
				ENABLE_STRICT_OBJC_MSGSEND = YES;
				ENABLE_TESTABILITY = YES;
				GCC_C_LANGUAGE_STANDARD = gnu11;
				GCC_DYNAMIC_NO_PIC = NO;
				GCC_NO_COMMON_BLOCKS = YES;
				GCC_OPTIMIZATION_LEVEL = 0;
				GCC_PREPROCESSOR_DEFINITIONS = (
					"DEBUG=1",
					"$(inherited)",
				);
				GCC_WARN_64_TO_32_BIT_CONVERSION = YES;
				GCC_WARN_ABOUT_RETURN_TYPE = YES_ERROR;
				GCC_WARN_UNDECLARED_SELECTOR = YES;
				GCC_WARN_UNINITIALIZED_AUTOS = YES_AGGRESSIVE;
				GCC_WARN_UNUSED_FUNCTION = YES;
				GCC_WARN_UNUSED_VARIABLE = YES;
				IPHONEOS_DEPLOYMENT_TARGET = 11.4;
				MTL_ENABLE_DEBUG_INFO = YES;
				ONLY_ACTIVE_ARCH = YES;
				SDKROOT = iphoneos;
				SWIFT_ACTIVE_COMPILATION_CONDITIONS = DEBUG;
				SWIFT_OPTIMIZATION_LEVEL = "-Onone";
				VERSIONING_SYSTEM = "apple-generic";
				VERSION_INFO_PREFIX = "";
			};
			name = Debug;
		};
		3DA79E81219FF5A800EEDE72 /* Release */ = {
			isa = XCBuildConfiguration;
			buildSettings = {
				ALWAYS_SEARCH_USER_PATHS = NO;
				CLANG_ANALYZER_NONNULL = YES;
				CLANG_ANALYZER_NUMBER_OBJECT_CONVERSION = YES_AGGRESSIVE;
				CLANG_CXX_LANGUAGE_STANDARD = "gnu++14";
				CLANG_CXX_LIBRARY = "libc++";
				CLANG_ENABLE_MODULES = YES;
				CLANG_ENABLE_OBJC_ARC = YES;
				CLANG_ENABLE_OBJC_WEAK = YES;
				CLANG_WARN_BLOCK_CAPTURE_AUTORELEASING = YES;
				CLANG_WARN_BOOL_CONVERSION = YES;
				CLANG_WARN_COMMA = YES;
				CLANG_WARN_CONSTANT_CONVERSION = YES;
				CLANG_WARN_DEPRECATED_OBJC_IMPLEMENTATIONS = YES;
				CLANG_WARN_DIRECT_OBJC_ISA_USAGE = YES_ERROR;
				CLANG_WARN_DOCUMENTATION_COMMENTS = YES;
				CLANG_WARN_EMPTY_BODY = YES;
				CLANG_WARN_ENUM_CONVERSION = YES;
				CLANG_WARN_INFINITE_RECURSION = YES;
				CLANG_WARN_INT_CONVERSION = YES;
				CLANG_WARN_NON_LITERAL_NULL_CONVERSION = YES;
				CLANG_WARN_OBJC_IMPLICIT_RETAIN_SELF = YES;
				CLANG_WARN_OBJC_LITERAL_CONVERSION = YES;
				CLANG_WARN_OBJC_ROOT_CLASS = YES_ERROR;
				CLANG_WARN_RANGE_LOOP_ANALYSIS = YES;
				CLANG_WARN_STRICT_PROTOTYPES = YES;
				CLANG_WARN_SUSPICIOUS_MOVE = YES;
				CLANG_WARN_UNGUARDED_AVAILABILITY = YES_AGGRESSIVE;
				CLANG_WARN_UNREACHABLE_CODE = YES;
				CLANG_WARN__DUPLICATE_METHOD_MATCH = YES;
				CODE_SIGN_IDENTITY = "iPhone Developer";
				COPY_PHASE_STRIP = NO;
				CURRENT_PROJECT_VERSION = 1;
				DEBUG_INFORMATION_FORMAT = "dwarf-with-dsym";
				ENABLE_NS_ASSERTIONS = NO;
				ENABLE_STRICT_OBJC_MSGSEND = YES;
				GCC_C_LANGUAGE_STANDARD = gnu11;
				GCC_NO_COMMON_BLOCKS = YES;
				GCC_WARN_64_TO_32_BIT_CONVERSION = YES;
				GCC_WARN_ABOUT_RETURN_TYPE = YES_ERROR;
				GCC_WARN_UNDECLARED_SELECTOR = YES;
				GCC_WARN_UNINITIALIZED_AUTOS = YES_AGGRESSIVE;
				GCC_WARN_UNUSED_FUNCTION = YES;
				GCC_WARN_UNUSED_VARIABLE = YES;
				IPHONEOS_DEPLOYMENT_TARGET = 11.4;
				MTL_ENABLE_DEBUG_INFO = NO;
				SDKROOT = iphoneos;
				SWIFT_COMPILATION_MODE = wholemodule;
				SWIFT_OPTIMIZATION_LEVEL = "-O";
				VALIDATE_PRODUCT = YES;
				VERSIONING_SYSTEM = "apple-generic";
				VERSION_INFO_PREFIX = "";
			};
			name = Release;
		};
		3DA79E83219FF5A800EEDE72 /* Debug */ = {
			isa = XCBuildConfiguration;
			buildSettings = {
				CLANG_ENABLE_MODULES = YES;
				CODE_SIGN_IDENTITY = "";
				CODE_SIGN_STYLE = Automatic;
				DEFINES_MODULE = YES;
				DEVELOPMENT_TEAM = QG8KA4P8TE;
				DYLIB_COMPATIBILITY_VERSION = 1;
				DYLIB_CURRENT_VERSION = 1;
				DYLIB_INSTALL_NAME_BASE = "@rpath";
				INFOPLIST_FILE = QTYButtons/Info.plist;
				INSTALL_PATH = "$(LOCAL_LIBRARY_DIR)/Frameworks";
				LD_RUNPATH_SEARCH_PATHS = (
					"$(inherited)",
					"@executable_path/Frameworks",
					"@loader_path/Frameworks",
				);
				PRODUCT_BUNDLE_IDENTIFIER = com.qiscusdev.QTYButtons;
				PRODUCT_NAME = "$(TARGET_NAME:c99extidentifier)";
				SKIP_INSTALL = YES;
				SWIFT_OPTIMIZATION_LEVEL = "-Onone";
				SWIFT_VERSION = 4.0;
				TARGETED_DEVICE_FAMILY = "1,2";
			};
			name = Debug;
		};
		3DA79E84219FF5A800EEDE72 /* Release */ = {
			isa = XCBuildConfiguration;
			buildSettings = {
				CLANG_ENABLE_MODULES = YES;
				CODE_SIGN_IDENTITY = "";
				CODE_SIGN_STYLE = Automatic;
				DEFINES_MODULE = YES;
				DEVELOPMENT_TEAM = QG8KA4P8TE;
				DYLIB_COMPATIBILITY_VERSION = 1;
				DYLIB_CURRENT_VERSION = 1;
				DYLIB_INSTALL_NAME_BASE = "@rpath";
				INFOPLIST_FILE = QTYButtons/Info.plist;
				INSTALL_PATH = "$(LOCAL_LIBRARY_DIR)/Frameworks";
				LD_RUNPATH_SEARCH_PATHS = (
					"$(inherited)",
					"@executable_path/Frameworks",
					"@loader_path/Frameworks",
				);
				PRODUCT_BUNDLE_IDENTIFIER = com.qiscusdev.QTYButtons;
				PRODUCT_NAME = "$(TARGET_NAME:c99extidentifier)";
				SKIP_INSTALL = YES;
				SWIFT_VERSION = 4.0;
				TARGETED_DEVICE_FAMILY = "1,2";
			};
			name = Release;
		};
		3DA79E86219FF5A800EEDE72 /* Debug */ = {
			isa = XCBuildConfiguration;
			buildSettings = {
				ALWAYS_EMBED_SWIFT_STANDARD_LIBRARIES = YES;
				CODE_SIGN_STYLE = Automatic;
				DEVELOPMENT_TEAM = QG8KA4P8TE;
				INFOPLIST_FILE = QTYButtonsTests/Info.plist;
				LD_RUNPATH_SEARCH_PATHS = (
					"$(inherited)",
					"@executable_path/Frameworks",
					"@loader_path/Frameworks",
				);
				PRODUCT_BUNDLE_IDENTIFIER = com.qiscusdev.QTYButtonsTests;
				PRODUCT_NAME = "$(TARGET_NAME)";
				SWIFT_VERSION = 4.0;
				TARGETED_DEVICE_FAMILY = "1,2";
			};
			name = Debug;
		};
		3DA79E87219FF5A800EEDE72 /* Release */ = {
			isa = XCBuildConfiguration;
			buildSettings = {
				ALWAYS_EMBED_SWIFT_STANDARD_LIBRARIES = YES;
				CODE_SIGN_STYLE = Automatic;
				DEVELOPMENT_TEAM = QG8KA4P8TE;
				INFOPLIST_FILE = QTYButtonsTests/Info.plist;
				LD_RUNPATH_SEARCH_PATHS = (
					"$(inherited)",
					"@executable_path/Frameworks",
					"@loader_path/Frameworks",
				);
				PRODUCT_BUNDLE_IDENTIFIER = com.qiscusdev.QTYButtonsTests;
				PRODUCT_NAME = "$(TARGET_NAME)";
				SWIFT_VERSION = 4.0;
				TARGETED_DEVICE_FAMILY = "1,2";
			};
			name = Release;
		};
/* End XCBuildConfiguration section */

/* Begin XCConfigurationList section */
		3DA79E68219FF5A800EEDE72 /* Build configuration list for PBXProject "QTYButtons" */ = {
			isa = XCConfigurationList;
			buildConfigurations = (
				3DA79E80219FF5A800EEDE72 /* Debug */,
				3DA79E81219FF5A800EEDE72 /* Release */,
			);
			defaultConfigurationIsVisible = 0;
			defaultConfigurationName = Release;
		};
		3DA79E82219FF5A800EEDE72 /* Build configuration list for PBXNativeTarget "QTYButtons" */ = {
			isa = XCConfigurationList;
			buildConfigurations = (
				3DA79E83219FF5A800EEDE72 /* Debug */,
				3DA79E84219FF5A800EEDE72 /* Release */,
			);
			defaultConfigurationIsVisible = 0;
			defaultConfigurationName = Release;
		};
		3DA79E85219FF5A800EEDE72 /* Build configuration list for PBXNativeTarget "QTYButtonsTests" */ = {
			isa = XCConfigurationList;
			buildConfigurations = (
				3DA79E86219FF5A800EEDE72 /* Debug */,
				3DA79E87219FF5A800EEDE72 /* Release */,
			);
			defaultConfigurationIsVisible = 0;
			defaultConfigurationName = Release;
		};
/* End XCConfigurationList section */
	};
	rootObject = 3DA79E65219FF5A800EEDE72 /* Project object */;
}
